
Microsoft Visual Studio Solution File, Format Version 12.00
# Visual Studio Version 17
VisualStudioVersion = 17.2.32630.192
MinimumVisualStudioVersion = 10.0.40219.1
Project("{9A19103F-16F7-4668-BE54-9A1E7A4F7556}") = "IdentityV2", "IdentityV2\IdentityV2.csproj", "{1DF40B62-E9BF-496E-B75C-3EDFC640E17B}"
EndProject
Project("{9A19103F-16F7-4668-BE54-9A1E7A4F7556}") = "GateWay", "GateWay\GateWay.csproj", "{EB5EE36D-7C44-4310-940B-1D0FD12BA34D}"
EndProject
Project("{9A19103F-16F7-4668-BE54-9A1E7A4F7556}") = "ESportAuthClient", "ESportAuthClient\ESportAuthClient.csproj", "{E3AE1D4B-96F5-4E48-B861-FED7466E33EE}"
EndProject
Project("{9A19103F-16F7-4668-BE54-9A1E7A4F7556}") = "MessageService", "MessageService\MessageService.csproj", "{00403DBF-55CF-45B8-AD90-DF2965F916C9}"
EndProject
Project("{9A19103F-16F7-4668-BE54-9A1E7A4F7556}") = "StreamingService", "StreamingService\StreamingService.csproj", "{BDDA1503-DDD4-409C-AD21-086CC996417D}"
EndProject
Project("{9A19103F-16F7-4668-BE54-9A1E7A4F7556}") = "OcelotAuthClient", "OcelotAuthClient\OcelotAuthClient.csproj", "{54B850AD-4475-4B44-9CC4-04501AF3D657}"
EndProject
Project("{2150E333-8FDC-42A3-9474-1A3956D46DE8}") = "9.Extrenal", "9.Extrenal", "{CEACC709-AAB5-4BB0-96F0-7566E7D820CD}"
EndProject
Project("{2150E333-8FDC-42A3-9474-1A3956D46DE8}") = "1.Identity", "1.Identity", "{5B2781B5-6719-4E73-A78A-37C04813F737}"
EndProject
Project("{2150E333-8FDC-42A3-9474-1A3956D46DE8}") = "2.Gateway", "2.Gateway", "{1DBD441C-E03B-46FD-869E-62FCBA3B860E}"
EndProject
Project("{2150E333-8FDC-42A3-9474-1A3956D46DE8}") = "3.MessageService", "3.MessageService", "{238C5742-6091-492B-952A-ABD9803B7D28}"
EndProject
Project("{2150E333-8FDC-42A3-9474-1A3956D46DE8}") = "4.StreamingService", "4.StreamingService", "{CCACFDBB-58FC-4441-9A37-E3A8786A77B9}"
EndProject
Project("{2150E333-8FDC-42A3-9474-1A3956D46DE8}") = "5.UserWorkflow", "5.UserWorkflow", "{2515F6B4-E4D5-4D66-B9FD-6D6A3C4795CA}"
EndProject
Project("{2150E333-8FDC-42A3-9474-1A3956D46DE8}") = "5.1.Api", "5.1.Api", "{0477D5BD-CF7B-4165-B50F-92E56FCAEFD1}"
EndProject
Project("{2150E333-8FDC-42A3-9474-1A3956D46DE8}") = "5.2.Application", "5.2.Application", "{60EF8AD0-1D1F-4915-AC80-1D3C38FFF29C}"
EndProject
Project("{2150E333-8FDC-42A3-9474-1A3956D46DE8}") = "5.3.Data", "5.3.Data", "{AA5D3245-1071-47A7-8439-B9CD15F2DBA5}"
EndProject
Project("{9A19103F-16F7-4668-BE54-9A1E7A4F7556}") = "UserWorkflow.Api", "UserWorkflow.Api\UserWorkflow.Api.csproj", "{BFACD5A5-AF64-4519-B0F2-8F8C33CD0D99}"
EndProject
Project("{9A19103F-16F7-4668-BE54-9A1E7A4F7556}") = "UserWorkflow.Application", "UserWorkflow.Application\UserWorkflow.Application.csproj", "{EB9FB4B1-E058-4675-805D-6358DD478CB6}"
	ProjectSection(ProjectDependencies) = postProject
		{F7F5AA64-117E-4A03-B6C8-7640FA71394B} = {F7F5AA64-117E-4A03-B6C8-7640FA71394B}
	EndProjectSection
EndProject
Project("{9A19103F-16F7-4668-BE54-9A1E7A4F7556}") = "UserWorkflow.Images", "UserWorkflow.Images\UserWorkflow.Images.csproj", "{F7F5AA64-117E-4A03-B6C8-7640FA71394B}"
EndProject
Project("{2150E333-8FDC-42A3-9474-1A3956D46DE8}") = "5.4.Infrastructure", "5.4.Infrastructure", "{9960B713-6F2A-488D-BD2A-200D7B2833DA}"
EndProject
Project("{9A19103F-16F7-4668-BE54-9A1E7A4F7556}") = "RMQEsportClient", "RMQEsportClient\RMQEsportClient.csproj", "{45448F28-CA9B-48B6-A74C-5B7CF7C7F108}"
EndProject
Project("{9A19103F-16F7-4668-BE54-9A1E7A4F7556}") = "UserWorkflow.Infrastructure", "UserWorkflow.Infrastructure\UserWorkflow.Infrastructure.csproj", "{DFCDC305-25F9-4F83-8E13-EC07C6AB3C0C}"
EndProject
Project("{9A19103F-16F7-4668-BE54-9A1E7A4F7556}") = "UserWorkflow.Esport", "UserWorkflow.Esport\UserWorkflow.Esport.csproj", "{C4D1B500-A052-4C2A-A455-C3A71A8BD19F}"
EndProject
Global
	GlobalSection(SolutionConfigurationPlatforms) = preSolution
		Debug|Any CPU = Debug|Any CPU
		Release|Any CPU = Release|Any CPU
	EndGlobalSection
	GlobalSection(ProjectConfigurationPlatforms) = postSolution
		{1DF40B62-E9BF-496E-B75C-3EDFC640E17B}.Debug|Any CPU.ActiveCfg = Debug|Any CPU
		{1DF40B62-E9BF-496E-B75C-3EDFC640E17B}.Debug|Any CPU.Build.0 = Debug|Any CPU
		{1DF40B62-E9BF-496E-B75C-3EDFC640E17B}.Release|Any CPU.ActiveCfg = Release|Any CPU
		{1DF40B62-E9BF-496E-B75C-3EDFC640E17B}.Release|Any CPU.Build.0 = Release|Any CPU
		{EB5EE36D-7C44-4310-940B-1D0FD12BA34D}.Debug|Any CPU.ActiveCfg = Debug|Any CPU
		{EB5EE36D-7C44-4310-940B-1D0FD12BA34D}.Debug|Any CPU.Build.0 = Debug|Any CPU
		{EB5EE36D-7C44-4310-940B-1D0FD12BA34D}.Release|Any CPU.ActiveCfg = Release|Any CPU
		{EB5EE36D-7C44-4310-940B-1D0FD12BA34D}.Release|Any CPU.Build.0 = Release|Any CPU
		{E3AE1D4B-96F5-4E48-B861-FED7466E33EE}.Debug|Any CPU.ActiveCfg = Debug|Any CPU
		{E3AE1D4B-96F5-4E48-B861-FED7466E33EE}.Debug|Any CPU.Build.0 = Debug|Any CPU
		{E3AE1D4B-96F5-4E48-B861-FED7466E33EE}.Release|Any CPU.ActiveCfg = Release|Any CPU
		{E3AE1D4B-96F5-4E48-B861-FED7466E33EE}.Release|Any CPU.Build.0 = Release|Any CPU
		{00403DBF-55CF-45B8-AD90-DF2965F916C9}.Debug|Any CPU.ActiveCfg = Debug|Any CPU
		{00403DBF-55CF-45B8-AD90-DF2965F916C9}.Debug|Any CPU.Build.0 = Debug|Any CPU
		{00403DBF-55CF-45B8-AD90-DF2965F916C9}.Release|Any CPU.ActiveCfg = Release|Any CPU
		{00403DBF-55CF-45B8-AD90-DF2965F916C9}.Release|Any CPU.Build.0 = Release|Any CPU
		{BDDA1503-DDD4-409C-AD21-086CC996417D}.Debug|Any CPU.ActiveCfg = Debug|Any CPU
		{BDDA1503-DDD4-409C-AD21-086CC996417D}.Debug|Any CPU.Build.0 = Debug|Any CPU
		{BDDA1503-DDD4-409C-AD21-086CC996417D}.Release|Any CPU.ActiveCfg = Release|Any CPU
		{BDDA1503-DDD4-409C-AD21-086CC996417D}.Release|Any CPU.Build.0 = Release|Any CPU
		{54B850AD-4475-4B44-9CC4-04501AF3D657}.Debug|Any CPU.ActiveCfg = Debug|Any CPU
		{54B850AD-4475-4B44-9CC4-04501AF3D657}.Debug|Any CPU.Build.0 = Debug|Any CPU
		{54B850AD-4475-4B44-9CC4-04501AF3D657}.Release|Any CPU.ActiveCfg = Release|Any CPU
		{54B850AD-4475-4B44-9CC4-04501AF3D657}.Release|Any CPU.Build.0 = Release|Any CPU
		{BFACD5A5-AF64-4519-B0F2-8F8C33CD0D99}.Debug|Any CPU.ActiveCfg = Debug|Any CPU
		{BFACD5A5-AF64-4519-B0F2-8F8C33CD0D99}.Debug|Any CPU.Build.0 = Debug|Any CPU
		{BFACD5A5-AF64-4519-B0F2-8F8C33CD0D99}.Release|Any CPU.ActiveCfg = Release|Any CPU
		{BFACD5A5-AF64-4519-B0F2-8F8C33CD0D99}.Release|Any CPU.Build.0 = Release|Any CPU
		{EB9FB4B1-E058-4675-805D-6358DD478CB6}.Debug|Any CPU.ActiveCfg = Debug|Any CPU
		{EB9FB4B1-E058-4675-805D-6358DD478CB6}.Debug|Any CPU.Build.0 = Debug|Any CPU
		{EB9FB4B1-E058-4675-805D-6358DD478CB6}.Release|Any CPU.ActiveCfg = Release|Any CPU
		{EB9FB4B1-E058-4675-805D-6358DD478CB6}.Release|Any CPU.Build.0 = Release|Any CPU
		{F7F5AA64-117E-4A03-B6C8-7640FA71394B}.Debug|Any CPU.ActiveCfg = Debug|Any CPU
		{F7F5AA64-117E-4A03-B6C8-7640FA71394B}.Debug|Any CPU.Build.0 = Debug|Any CPU
		{F7F5AA64-117E-4A03-B6C8-7640FA71394B}.Release|Any CPU.ActiveCfg = Release|Any CPU
		{F7F5AA64-117E-4A03-B6C8-7640FA71394B}.Release|Any CPU.Build.0 = Release|Any CPU
		{45448F28-CA9B-48B6-A74C-5B7CF7C7F108}.Debug|Any CPU.ActiveCfg = Debug|Any CPU
		{45448F28-CA9B-48B6-A74C-5B7CF7C7F108}.Debug|Any CPU.Build.0 = Debug|Any CPU
		{45448F28-CA9B-48B6-A74C-5B7CF7C7F108}.Release|Any CPU.ActiveCfg = Release|Any CPU
		{45448F28-CA9B-48B6-A74C-5B7CF7C7F108}.Release|Any CPU.Build.0 = Release|Any CPU
		{DFCDC305-25F9-4F83-8E13-EC07C6AB3C0C}.Debug|Any CPU.ActiveCfg = Debug|Any CPU
		{DFCDC305-25F9-4F83-8E13-EC07C6AB3C0C}.Debug|Any CPU.Build.0 = Debug|Any CPU
		{DFCDC305-25F9-4F83-8E13-EC07C6AB3C0C}.Release|Any CPU.ActiveCfg = Release|Any CPU
		{DFCDC305-25F9-4F83-8E13-EC07C6AB3C0C}.Release|Any CPU.Build.0 = Release|Any CPU
		{C4D1B500-A052-4C2A-A455-C3A71A8BD19F}.Debug|Any CPU.ActiveCfg = Debug|Any CPU
		{C4D1B500-A052-4C2A-A455-C3A71A8BD19F}.Debug|Any CPU.Build.0 = Debug|Any CPU
		{C4D1B500-A052-4C2A-A455-C3A71A8BD19F}.Release|Any CPU.ActiveCfg = Release|Any CPU
		{C4D1B500-A052-4C2A-A455-C3A71A8BD19F}.Release|Any CPU.Build.0 = Release|Any CPU
	EndGlobalSection
	GlobalSection(SolutionProperties) = preSolution
		HideSolutionNode = FALSE
	EndGlobalSection
	GlobalSection(NestedProjects) = preSolution
		{1DF40B62-E9BF-496E-B75C-3EDFC640E17B} = {5B2781B5-6719-4E73-A78A-37C04813F737}
		{EB5EE36D-7C44-4310-940B-1D0FD12BA34D} = {1DBD441C-E03B-46FD-869E-62FCBA3B860E}
		{E3AE1D4B-96F5-4E48-B861-FED7466E33EE} = {CEACC709-AAB5-4BB0-96F0-7566E7D820CD}
		{00403DBF-55CF-45B8-AD90-DF2965F916C9} = {238C5742-6091-492B-952A-ABD9803B7D28}
		{BDDA1503-DDD4-409C-AD21-086CC996417D} = {CCACFDBB-58FC-4441-9A37-E3A8786A77B9}
		{54B850AD-4475-4B44-9CC4-04501AF3D657} = {CEACC709-AAB5-4BB0-96F0-7566E7D820CD}
		{0477D5BD-CF7B-4165-B50F-92E56FCAEFD1} = {2515F6B4-E4D5-4D66-B9FD-6D6A3C4795CA}
		{60EF8AD0-1D1F-4915-AC80-1D3C38FFF29C} = {2515F6B4-E4D5-4D66-B9FD-6D6A3C4795CA}
		{AA5D3245-1071-47A7-8439-B9CD15F2DBA5} = {2515F6B4-E4D5-4D66-B9FD-6D6A3C4795CA}
		{BFACD5A5-AF64-4519-B0F2-8F8C33CD0D99} = {0477D5BD-CF7B-4165-B50F-92E56FCAEFD1}
		{EB9FB4B1-E058-4675-805D-6358DD478CB6} = {60EF8AD0-1D1F-4915-AC80-1D3C38FFF29C}
		{F7F5AA64-117E-4A03-B6C8-7640FA71394B} = {AA5D3245-1071-47A7-8439-B9CD15F2DBA5}
		{9960B713-6F2A-488D-BD2A-200D7B2833DA} = {2515F6B4-E4D5-4D66-B9FD-6D6A3C4795CA}
		{45448F28-CA9B-48B6-A74C-5B7CF7C7F108} = {CEACC709-AAB5-4BB0-96F0-7566E7D820CD}
		{DFCDC305-25F9-4F83-8E13-EC07C6AB3C0C} = {9960B713-6F2A-488D-BD2A-200D7B2833DA}
		{C4D1B500-A052-4C2A-A455-C3A71A8BD19F} = {AA5D3245-1071-47A7-8439-B9CD15F2DBA5}
	EndGlobalSection
	GlobalSection(ExtensibilityGlobals) = postSolution
		SolutionGuid = {C6DC7AF7-5CCE-4874-926A-1B4521D4B7F5}
	EndGlobalSection
EndGlobal
