
Microsoft Visual Studio Solution File, Format Version 12.00
# Visual Studio Version 17
VisualStudioVersion = 17.2.32630.192
MinimumVisualStudioVersion = 10.0.40219.1
Project("{FAE04EC0-301F-11D3-BF4B-00C04F79EFBC}") = "Authority", "Authority\Authority.csproj", "{8DD4D985-F2E9-46A0-9F57-8B7CDAF00725}"
EndProject
Project("{FAE04EC0-301F-11D3-BF4B-00C04F79EFBC}") = "UserFlow", "UserFlow\UserFlow.csproj", "{71CCDBAD-2D58-446D-934C-BE63DA193D68}"
EndProject
Global
	GlobalSection(SolutionConfigurationPlatforms) = preSolution
		Debug|Any CPU = Debug|Any CPU
		Release|Any CPU = Release|Any CPU
	EndGlobalSection
	GlobalSection(ProjectConfigurationPlatforms) = postSolution
		{8DD4D985-F2E9-46A0-9F57-8B7CDAF00725}.Debug|Any CPU.ActiveCfg = Debug|Any CPU
		{8DD4D985-F2E9-46A0-9F57-8B7CDAF00725}.Debug|Any CPU.Build.0 = Debug|Any CPU
		{8DD4D985-F2E9-46A0-9F57-8B7CDAF00725}.Release|Any CPU.ActiveCfg = Release|Any CPU
		{8DD4D985-F2E9-46A0-9F57-8B7CDAF00725}.Release|Any CPU.Build.0 = Release|Any CPU
		{71CCDBAD-2D58-446D-934C-BE63DA193D68}.Debug|Any CPU.ActiveCfg = Debug|Any CPU
		{71CCDBAD-2D58-446D-934C-BE63DA193D68}.Debug|Any CPU.Build.0 = Debug|Any CPU
		{71CCDBAD-2D58-446D-934C-BE63DA193D68}.Release|Any CPU.ActiveCfg = Release|Any CPU
		{71CCDBAD-2D58-446D-934C-BE63DA193D68}.Release|Any CPU.Build.0 = Release|Any CPU
	EndGlobalSection
	GlobalSection(SolutionProperties) = preSolution
		HideSolutionNode = FALSE
	EndGlobalSection
	GlobalSection(ExtensibilityGlobals) = postSolution
		SolutionGuid = {C6DC7AF7-5CCE-4874-926A-1B4521D4B7F5}
	EndGlobalSection
EndGlobal
