
Microsoft Visual Studio Solution File, Format Version 12.00
# Visual Studio Version 17
VisualStudioVersion = 17.2.32630.192
MinimumVisualStudioVersion = 10.0.40219.1
Project("{9A19103F-16F7-4668-BE54-9A1E7A4F7556}") = "IdentityV2", "IdentityV2\IdentityV2.csproj", "{1DF40B62-E9BF-496E-B75C-3EDFC640E17B}"
EndProject
Project("{9A19103F-16F7-4668-BE54-9A1E7A4F7556}") = "GateWay", "GateWay\GateWay.csproj", "{EB5EE36D-7C44-4310-940B-1D0FD12BA34D}"
EndProject
Project("{9A19103F-16F7-4668-BE54-9A1E7A4F7556}") = "UserWorkFlow", "UserWorkFlow\UserWorkFlow.csproj", "{0DD7806F-0542-4651-A5FF-434047DBF473}"
EndProject
Project("{FAE04EC0-301F-11D3-BF4B-00C04F79EFBC}") = "ESportAuthClient", "ESportAuthClient\ESportAuthClient.csproj", "{E3AE1D4B-96F5-4E48-B861-FED7466E33EE}"
EndProject
Global
	GlobalSection(SolutionConfigurationPlatforms) = preSolution
		Debug|Any CPU = Debug|Any CPU
		Release|Any CPU = Release|Any CPU
	EndGlobalSection
	GlobalSection(ProjectConfigurationPlatforms) = postSolution
		{1DF40B62-E9BF-496E-B75C-3EDFC640E17B}.Debug|Any CPU.ActiveCfg = Debug|Any CPU
		{1DF40B62-E9BF-496E-B75C-3EDFC640E17B}.Debug|Any CPU.Build.0 = Debug|Any CPU
		{1DF40B62-E9BF-496E-B75C-3EDFC640E17B}.Release|Any CPU.ActiveCfg = Release|Any CPU
		{1DF40B62-E9BF-496E-B75C-3EDFC640E17B}.Release|Any CPU.Build.0 = Release|Any CPU
		{EB5EE36D-7C44-4310-940B-1D0FD12BA34D}.Debug|Any CPU.ActiveCfg = Debug|Any CPU
		{EB5EE36D-7C44-4310-940B-1D0FD12BA34D}.Debug|Any CPU.Build.0 = Debug|Any CPU
		{EB5EE36D-7C44-4310-940B-1D0FD12BA34D}.Release|Any CPU.ActiveCfg = Release|Any CPU
		{EB5EE36D-7C44-4310-940B-1D0FD12BA34D}.Release|Any CPU.Build.0 = Release|Any CPU
		{0DD7806F-0542-4651-A5FF-434047DBF473}.Debug|Any CPU.ActiveCfg = Debug|Any CPU
		{0DD7806F-0542-4651-A5FF-434047DBF473}.Debug|Any CPU.Build.0 = Debug|Any CPU
		{0DD7806F-0542-4651-A5FF-434047DBF473}.Release|Any CPU.ActiveCfg = Release|Any CPU
		{0DD7806F-0542-4651-A5FF-434047DBF473}.Release|Any CPU.Build.0 = Release|Any CPU
		{E3AE1D4B-96F5-4E48-B861-FED7466E33EE}.Debug|Any CPU.ActiveCfg = Debug|Any CPU
		{E3AE1D4B-96F5-4E48-B861-FED7466E33EE}.Debug|Any CPU.Build.0 = Debug|Any CPU
		{E3AE1D4B-96F5-4E48-B861-FED7466E33EE}.Release|Any CPU.ActiveCfg = Release|Any CPU
		{E3AE1D4B-96F5-4E48-B861-FED7466E33EE}.Release|Any CPU.Build.0 = Release|Any CPU
	EndGlobalSection
	GlobalSection(SolutionProperties) = preSolution
		HideSolutionNode = FALSE
	EndGlobalSection
	GlobalSection(ExtensibilityGlobals) = postSolution
		SolutionGuid = {C6DC7AF7-5CCE-4874-926A-1B4521D4B7F5}
	EndGlobalSection
EndGlobal
